// !$*UTF8*$!
{
	archiveVersion = 1;
	classes = {
	};
	objectVersion = 46;
	objects = {

/* Begin PBXBuildFile section */
		3FDB533862226A06FD784F6D /* libPods-CatchHtml.a in Frameworks */ = {isa = PBXBuildFile; fileRef = CBC89BC7C187637A6E114A39 /* libPods-CatchHtml.a */; };
		574C2BF61E9E6E5200960399 /* DbManager.m in Sources */ = {isa = PBXBuildFile; fileRef = 574C2BF51E9E6E5200960399 /* DbManager.m */; };
		574C2BF81E9E70DF00960399 /* libsqlite3.0.tbd in Frameworks */ = {isa = PBXBuildFile; fileRef = 574C2BF71E9E70DF00960399 /* libsqlite3.0.tbd */; };
		577430911E92AA140027D471 /* EventKit.framework in Frameworks */ = {isa = PBXBuildFile; fileRef = 5774308F1E92A7A50027D471 /* EventKit.framework */; };
		577430931E92AA140027D471 /* EventKitUI.framework in Frameworks */ = {isa = PBXBuildFile; fileRef = 577430921E92AA140027D471 /* EventKitUI.framework */; };
		57977C191E816101009FFE53 /* main.m in Sources */ = {isa = PBXBuildFile; fileRef = 57977C181E816101009FFE53 /* main.m */; };
		57977C1C1E816101009FFE53 /* AppDelegate.m in Sources */ = {isa = PBXBuildFile; fileRef = 57977C1B1E816101009FFE53 /* AppDelegate.m */; };
		57977C1F1E816101009FFE53 /* ViewController.m in Sources */ = {isa = PBXBuildFile; fileRef = 57977C1E1E816101009FFE53 /* ViewController.m */; };
		57977C221E816101009FFE53 /* Main.storyboard in Resources */ = {isa = PBXBuildFile; fileRef = 57977C201E816101009FFE53 /* Main.storyboard */; };
		57977C241E816101009FFE53 /* Assets.xcassets in Resources */ = {isa = PBXBuildFile; fileRef = 57977C231E816101009FFE53 /* Assets.xcassets */; };
		57977C271E816101009FFE53 /* LaunchScreen.storyboard in Resources */ = {isa = PBXBuildFile; fileRef = 57977C251E816101009FFE53 /* LaunchScreen.storyboard */; };
		57977C321E816102009FFE53 /* CatchHtmlTests.m in Sources */ = {isa = PBXBuildFile; fileRef = 57977C311E816102009FFE53 /* CatchHtmlTests.m */; };
		57977C3D1E816102009FFE53 /* CatchHtmlUITests.m in Sources */ = {isa = PBXBuildFile; fileRef = 57977C3C1E816102009FFE53 /* CatchHtmlUITests.m */; };
		57977C4B1E83E953009FFE53 /* libxml2.2.tbd in Frameworks */ = {isa = PBXBuildFile; fileRef = 57977C4A1E83E953009FFE53 /* libxml2.2.tbd */; };
		57977C521E83EA6E009FFE53 /* TFHpple.m in Sources */ = {isa = PBXBuildFile; fileRef = 57977C4D1E83EA6E009FFE53 /* TFHpple.m */; };
		57977C531E83EA6E009FFE53 /* TFHppleElement.m in Sources */ = {isa = PBXBuildFile; fileRef = 57977C4F1E83EA6E009FFE53 /* TFHppleElement.m */; };
		57977C541E83EA6E009FFE53 /* XPathQuery.m in Sources */ = {isa = PBXBuildFile; fileRef = 57977C511E83EA6E009FFE53 /* XPathQuery.m */; };
/* End PBXBuildFile section */

/* Begin PBXContainerItemProxy section */
		57977C2E1E816102009FFE53 /* PBXContainerItemProxy */ = {
			isa = PBXContainerItemProxy;
			containerPortal = 57977C0C1E816101009FFE53 /* Project object */;
			proxyType = 1;
			remoteGlobalIDString = 57977C131E816101009FFE53;
			remoteInfo = CatchHtml;
		};
		57977C391E816102009FFE53 /* PBXContainerItemProxy */ = {
			isa = PBXContainerItemProxy;
			containerPortal = 57977C0C1E816101009FFE53 /* Project object */;
			proxyType = 1;
			remoteGlobalIDString = 57977C131E816101009FFE53;
			remoteInfo = CatchHtml;
		};
/* End PBXContainerItemProxy section */

/* Begin PBXFileReference section */
		02700E9DC2A1E1D11D7AE2A8 /* Pods-CatchHtml.debug.xcconfig */ = {isa = PBXFileReference; includeInIndex = 1; lastKnownFileType = text.xcconfig; name = "Pods-CatchHtml.debug.xcconfig"; path = "Pods/Target Support Files/Pods-CatchHtml/Pods-CatchHtml.debug.xcconfig"; sourceTree = "<group>"; };
		574C2BF41E9E6E5200960399 /* DbManager.h */ = {isa = PBXFileReference; fileEncoding = 4; lastKnownFileType = sourcecode.c.h; path = DbManager.h; sourceTree = "<group>"; };
		574C2BF51E9E6E5200960399 /* DbManager.m */ = {isa = PBXFileReference; fileEncoding = 4; lastKnownFileType = sourcecode.c.objc; path = DbManager.m; sourceTree = "<group>"; };
		574C2BF71E9E70DF00960399 /* libsqlite3.0.tbd */ = {isa = PBXFileReference; lastKnownFileType = "sourcecode.text-based-dylib-definition"; name = libsqlite3.0.tbd; path = usr/lib/libsqlite3.0.tbd; sourceTree = SDKROOT; };
		5774308F1E92A7A50027D471 /* EventKit.framework */ = {isa = PBXFileReference; lastKnownFileType = wrapper.framework; name = EventKit.framework; path = System/Library/Frameworks/EventKit.framework; sourceTree = SDKROOT; };
		577430921E92AA140027D471 /* EventKitUI.framework */ = {isa = PBXFileReference; lastKnownFileType = wrapper.framework; name = EventKitUI.framework; path = System/Library/Frameworks/EventKitUI.framework; sourceTree = SDKROOT; };
		57977C141E816101009FFE53 /* CatchHtml.app */ = {isa = PBXFileReference; explicitFileType = wrapper.application; includeInIndex = 0; path = CatchHtml.app; sourceTree = BUILT_PRODUCTS_DIR; };
		57977C181E816101009FFE53 /* main.m */ = {isa = PBXFileReference; lastKnownFileType = sourcecode.c.objc; path = main.m; sourceTree = "<group>"; };
		57977C1A1E816101009FFE53 /* AppDelegate.h */ = {isa = PBXFileReference; lastKnownFileType = sourcecode.c.h; path = AppDelegate.h; sourceTree = "<group>"; };
		57977C1B1E816101009FFE53 /* AppDelegate.m */ = {isa = PBXFileReference; lastKnownFileType = sourcecode.c.objc; path = AppDelegate.m; sourceTree = "<group>"; };
		57977C1D1E816101009FFE53 /* ViewController.h */ = {isa = PBXFileReference; lastKnownFileType = sourcecode.c.h; path = ViewController.h; sourceTree = "<group>"; };
		57977C1E1E816101009FFE53 /* ViewController.m */ = {isa = PBXFileReference; lastKnownFileType = sourcecode.c.objc; path = ViewController.m; sourceTree = "<group>"; };
		57977C211E816101009FFE53 /* Base */ = {isa = PBXFileReference; lastKnownFileType = file.storyboard; name = Base; path = Base.lproj/Main.storyboard; sourceTree = "<group>"; };
		57977C231E816101009FFE53 /* Assets.xcassets */ = {isa = PBXFileReference; lastKnownFileType = folder.assetcatalog; path = Assets.xcassets; sourceTree = "<group>"; };
		57977C261E816101009FFE53 /* Base */ = {isa = PBXFileReference; lastKnownFileType = file.storyboard; name = Base; path = Base.lproj/LaunchScreen.storyboard; sourceTree = "<group>"; };
		57977C281E816101009FFE53 /* Info.plist */ = {isa = PBXFileReference; lastKnownFileType = text.plist.xml; path = Info.plist; sourceTree = "<group>"; };
		57977C2D1E816102009FFE53 /* CatchHtmlTests.xctest */ = {isa = PBXFileReference; explicitFileType = wrapper.cfbundle; includeInIndex = 0; path = CatchHtmlTests.xctest; sourceTree = BUILT_PRODUCTS_DIR; };
		57977C311E816102009FFE53 /* CatchHtmlTests.m */ = {isa = PBXFileReference; lastKnownFileType = sourcecode.c.objc; path = CatchHtmlTests.m; sourceTree = "<group>"; };
		57977C331E816102009FFE53 /* Info.plist */ = {isa = PBXFileReference; lastKnownFileType = text.plist.xml; path = Info.plist; sourceTree = "<group>"; };
		57977C381E816102009FFE53 /* CatchHtmlUITests.xctest */ = {isa = PBXFileReference; explicitFileType = wrapper.cfbundle; includeInIndex = 0; path = CatchHtmlUITests.xctest; sourceTree = BUILT_PRODUCTS_DIR; };
		57977C3C1E816102009FFE53 /* CatchHtmlUITests.m */ = {isa = PBXFileReference; lastKnownFileType = sourcecode.c.objc; path = CatchHtmlUITests.m; sourceTree = "<group>"; };
		57977C3E1E816102009FFE53 /* Info.plist */ = {isa = PBXFileReference; lastKnownFileType = text.plist.xml; path = Info.plist; sourceTree = "<group>"; };
		57977C4A1E83E953009FFE53 /* libxml2.2.tbd */ = {isa = PBXFileReference; lastKnownFileType = "sourcecode.text-based-dylib-definition"; name = libxml2.2.tbd; path = usr/lib/libxml2.2.tbd; sourceTree = SDKROOT; };
		57977C4C1E83EA6E009FFE53 /* TFHpple.h */ = {isa = PBXFileReference; fileEncoding = 4; lastKnownFileType = sourcecode.c.h; path = TFHpple.h; sourceTree = "<group>"; };
		57977C4D1E83EA6E009FFE53 /* TFHpple.m */ = {isa = PBXFileReference; fileEncoding = 4; lastKnownFileType = sourcecode.c.objc; path = TFHpple.m; sourceTree = "<group>"; };
		57977C4E1E83EA6E009FFE53 /* TFHppleElement.h */ = {isa = PBXFileReference; fileEncoding = 4; lastKnownFileType = sourcecode.c.h; path = TFHppleElement.h; sourceTree = "<group>"; };
		57977C4F1E83EA6E009FFE53 /* TFHppleElement.m */ = {isa = PBXFileReference; fileEncoding = 4; lastKnownFileType = sourcecode.c.objc; path = TFHppleElement.m; sourceTree = "<group>"; };
		57977C501E83EA6E009FFE53 /* XPathQuery.h */ = {isa = PBXFileReference; fileEncoding = 4; lastKnownFileType = sourcecode.c.h; path = XPathQuery.h; sourceTree = "<group>"; };
		57977C511E83EA6E009FFE53 /* XPathQuery.m */ = {isa = PBXFileReference; fileEncoding = 4; lastKnownFileType = sourcecode.c.objc; path = XPathQuery.m; sourceTree = "<group>"; };
		CBC89BC7C187637A6E114A39 /* libPods-CatchHtml.a */ = {isa = PBXFileReference; explicitFileType = archive.ar; includeInIndex = 0; path = "libPods-CatchHtml.a"; sourceTree = BUILT_PRODUCTS_DIR; };
		D510C6F0B1AF30A46FEC81AE /* Pods-CatchHtml.release.xcconfig */ = {isa = PBXFileReference; includeInIndex = 1; lastKnownFileType = text.xcconfig; name = "Pods-CatchHtml.release.xcconfig"; path = "Pods/Target Support Files/Pods-CatchHtml/Pods-CatchHtml.release.xcconfig"; sourceTree = "<group>"; };
/* End PBXFileReference section */

/* Begin PBXFrameworksBuildPhase section */
		57977C111E816101009FFE53 /* Frameworks */ = {
			isa = PBXFrameworksBuildPhase;
			buildActionMask = 2147483647;
			files = (
				574C2BF81E9E70DF00960399 /* libsqlite3.0.tbd in Frameworks */,
				577430931E92AA140027D471 /* EventKitUI.framework in Frameworks */,
				577430911E92AA140027D471 /* EventKit.framework in Frameworks */,
				57977C4B1E83E953009FFE53 /* libxml2.2.tbd in Frameworks */,
				3FDB533862226A06FD784F6D /* libPods-CatchHtml.a in Frameworks */,
			);
			runOnlyForDeploymentPostprocessing = 0;
		};
		57977C2A1E816102009FFE53 /* Frameworks */ = {
			isa = PBXFrameworksBuildPhase;
			buildActionMask = 2147483647;
			files = (
			);
			runOnlyForDeploymentPostprocessing = 0;
		};
		57977C351E816102009FFE53 /* Frameworks */ = {
			isa = PBXFrameworksBuildPhase;
			buildActionMask = 2147483647;
			files = (
			);
			runOnlyForDeploymentPostprocessing = 0;
		};
/* End PBXFrameworksBuildPhase section */

/* Begin PBXGroup section */
		57977C0B1E816101009FFE53 = {
			isa = PBXGroup;
			children = (
				57977C161E816101009FFE53 /* CatchHtml */,
				57977C301E816102009FFE53 /* CatchHtmlTests */,
				57977C3B1E816102009FFE53 /* CatchHtmlUITests */,
				57977C151E816101009FFE53 /* Products */,
				87390124299766E1ABB5FB92 /* Pods */,
				6B9B63833C307D7DF5E53CCD /* Frameworks */,
			);
			sourceTree = "<group>";
		};
		57977C151E816101009FFE53 /* Products */ = {
			isa = PBXGroup;
			children = (
				57977C141E816101009FFE53 /* CatchHtml.app */,
				57977C2D1E816102009FFE53 /* CatchHtmlTests.xctest */,
				57977C381E816102009FFE53 /* CatchHtmlUITests.xctest */,
			);
			name = Products;
			sourceTree = "<group>";
		};
		57977C161E816101009FFE53 /* CatchHtml */ = {
			isa = PBXGroup;
			children = (
				57977C1A1E816101009FFE53 /* AppDelegate.h */,
				57977C1B1E816101009FFE53 /* AppDelegate.m */,
				57977C1D1E816101009FFE53 /* ViewController.h */,
				57977C1E1E816101009FFE53 /* ViewController.m */,
				574C2BF41E9E6E5200960399 /* DbManager.h */,
				574C2BF51E9E6E5200960399 /* DbManager.m */,
				57977C201E816101009FFE53 /* Main.storyboard */,
				57977C231E816101009FFE53 /* Assets.xcassets */,
				57977C251E816101009FFE53 /* LaunchScreen.storyboard */,
				57977C281E816101009FFE53 /* Info.plist */,
				57977C551E83EA7D009FFE53 /* html */,
				57977C171E816101009FFE53 /* Supporting Files */,
			);
			path = CatchHtml;
			sourceTree = "<group>";
		};
		57977C171E816101009FFE53 /* Supporting Files */ = {
			isa = PBXGroup;
			children = (
				57977C181E816101009FFE53 /* main.m */,
			);
			name = "Supporting Files";
			sourceTree = "<group>";
		};
		57977C301E816102009FFE53 /* CatchHtmlTests */ = {
			isa = PBXGroup;
			children = (
				57977C311E816102009FFE53 /* CatchHtmlTests.m */,
				57977C331E816102009FFE53 /* Info.plist */,
			);
			path = CatchHtmlTests;
			sourceTree = "<group>";
		};
		57977C3B1E816102009FFE53 /* CatchHtmlUITests */ = {
			isa = PBXGroup;
			children = (
				57977C3C1E816102009FFE53 /* CatchHtmlUITests.m */,
				57977C3E1E816102009FFE53 /* Info.plist */,
			);
			path = CatchHtmlUITests;
			sourceTree = "<group>";
		};
		57977C551E83EA7D009FFE53 /* html */ = {
			isa = PBXGroup;
			children = (
				57977C4C1E83EA6E009FFE53 /* TFHpple.h */,
				57977C4D1E83EA6E009FFE53 /* TFHpple.m */,
				57977C4E1E83EA6E009FFE53 /* TFHppleElement.h */,
				57977C4F1E83EA6E009FFE53 /* TFHppleElement.m */,
				57977C501E83EA6E009FFE53 /* XPathQuery.h */,
				57977C511E83EA6E009FFE53 /* XPathQuery.m */,
			);
			name = html;
			sourceTree = "<group>";
		};
		6B9B63833C307D7DF5E53CCD /* Frameworks */ = {
			isa = PBXGroup;
			children = (
				574C2BF71E9E70DF00960399 /* libsqlite3.0.tbd */,
				577430921E92AA140027D471 /* EventKitUI.framework */,
				5774308F1E92A7A50027D471 /* EventKit.framework */,
				57977C4A1E83E953009FFE53 /* libxml2.2.tbd */,
				CBC89BC7C187637A6E114A39 /* libPods-CatchHtml.a */,
			);
			name = Frameworks;
			sourceTree = "<group>";
		};
		87390124299766E1ABB5FB92 /* Pods */ = {
			isa = PBXGroup;
			children = (
				02700E9DC2A1E1D11D7AE2A8 /* Pods-CatchHtml.debug.xcconfig */,
				D510C6F0B1AF30A46FEC81AE /* Pods-CatchHtml.release.xcconfig */,
			);
			name = Pods;
			sourceTree = "<group>";
		};
/* End PBXGroup section */

/* Begin PBXNativeTarget section */
		57977C131E816101009FFE53 /* CatchHtml */ = {
			isa = PBXNativeTarget;
			buildConfigurationList = 57977C411E816102009FFE53 /* Build configuration list for PBXNativeTarget "CatchHtml" */;
			buildPhases = (
				1B54327A5A30C3CE1B1BE1FF /* Check Pods Manifest.lock */,
				57977C101E816101009FFE53 /* Sources */,
				57977C111E816101009FFE53 /* Frameworks */,
				57977C121E816101009FFE53 /* Resources */,
				823B16229133748BE02DD9C7 /* Embed Pods Frameworks */,
				BFB859F5967726144A29122A /* Copy Pods Resources */,
			);
			buildRules = (
			);
			dependencies = (
			);
			name = CatchHtml;
			productName = CatchHtml;
			productReference = 57977C141E816101009FFE53 /* CatchHtml.app */;
			productType = "com.apple.product-type.application";
		};
		57977C2C1E816102009FFE53 /* CatchHtmlTests */ = {
			isa = PBXNativeTarget;
			buildConfigurationList = 57977C441E816102009FFE53 /* Build configuration list for PBXNativeTarget "CatchHtmlTests" */;
			buildPhases = (
				57977C291E816102009FFE53 /* Sources */,
				57977C2A1E816102009FFE53 /* Frameworks */,
				57977C2B1E816102009FFE53 /* Resources */,
			);
			buildRules = (
			);
			dependencies = (
				57977C2F1E816102009FFE53 /* PBXTargetDependency */,
			);
			name = CatchHtmlTests;
			productName = CatchHtmlTests;
			productReference = 57977C2D1E816102009FFE53 /* CatchHtmlTests.xctest */;
			productType = "com.apple.product-type.bundle.unit-test";
		};
		57977C371E816102009FFE53 /* CatchHtmlUITests */ = {
			isa = PBXNativeTarget;
			buildConfigurationList = 57977C471E816102009FFE53 /* Build configuration list for PBXNativeTarget "CatchHtmlUITests" */;
			buildPhases = (
				57977C341E816102009FFE53 /* Sources */,
				57977C351E816102009FFE53 /* Frameworks */,
				57977C361E816102009FFE53 /* Resources */,
			);
			buildRules = (
			);
			dependencies = (
				57977C3A1E816102009FFE53 /* PBXTargetDependency */,
			);
			name = CatchHtmlUITests;
			productName = CatchHtmlUITests;
			productReference = 57977C381E816102009FFE53 /* CatchHtmlUITests.xctest */;
			productType = "com.apple.product-type.bundle.ui-testing";
		};
/* End PBXNativeTarget section */

/* Begin PBXProject section */
		57977C0C1E816101009FFE53 /* Project object */ = {
			isa = PBXProject;
			attributes = {
				LastUpgradeCheck = 0820;
				ORGANIZATIONNAME = commet;
				TargetAttributes = {
					57977C131E816101009FFE53 = {
						CreatedOnToolsVersion = 8.2.1;
						ProvisioningStyle = Automatic;
					};
					57977C2C1E816102009FFE53 = {
						CreatedOnToolsVersion = 8.2.1;
						ProvisioningStyle = Automatic;
						TestTargetID = 57977C131E816101009FFE53;
					};
					57977C371E816102009FFE53 = {
						CreatedOnToolsVersion = 8.2.1;
						ProvisioningStyle = Automatic;
						TestTargetID = 57977C131E816101009FFE53;
					};
				};
			};
			buildConfigurationList = 57977C0F1E816101009FFE53 /* Build configuration list for PBXProject "CatchHtml" */;
			compatibilityVersion = "Xcode 3.2";
			developmentRegion = English;
			hasScannedForEncodings = 0;
			knownRegions = (
				en,
				Base,
			);
			mainGroup = 57977C0B1E816101009FFE53;
			productRefGroup = 57977C151E816101009FFE53 /* Products */;
			projectDirPath = "";
			projectRoot = "";
			targets = (
				57977C131E816101009FFE53 /* CatchHtml */,
				57977C2C1E816102009FFE53 /* CatchHtmlTests */,
				57977C371E816102009FFE53 /* CatchHtmlUITests */,
			);
		};
/* End PBXProject section */

/* Begin PBXResourcesBuildPhase section */
		57977C121E816101009FFE53 /* Resources */ = {
			isa = PBXResourcesBuildPhase;
			buildActionMask = 2147483647;
			files = (
				57977C271E816101009FFE53 /* LaunchScreen.storyboard in Resources */,
				57977C241E816101009FFE53 /* Assets.xcassets in Resources */,
				57977C221E816101009FFE53 /* Main.storyboard in Resources */,
			);
			runOnlyForDeploymentPostprocessing = 0;
		};
		57977C2B1E816102009FFE53 /* Resources */ = {
			isa = PBXResourcesBuildPhase;
			buildActionMask = 2147483647;
			files = (
			);
			runOnlyForDeploymentPostprocessing = 0;
		};
		57977C361E816102009FFE53 /* Resources */ = {
			isa = PBXResourcesBuildPhase;
			buildActionMask = 2147483647;
			files = (
			);
			runOnlyForDeploymentPostprocessing = 0;
		};
/* End PBXResourcesBuildPhase section */

/* Begin PBXShellScriptBuildPhase section */
		1B54327A5A30C3CE1B1BE1FF /* Check Pods Manifest.lock */ = {
			isa = PBXShellScriptBuildPhase;
			buildActionMask = 2147483647;
			files = (
			);
			inputPaths = (
			);
			name = "Check Pods Manifest.lock";
			outputPaths = (
			);
			runOnlyForDeploymentPostprocessing = 0;
			shellPath = /bin/sh;
			shellScript = "diff \"${PODS_ROOT}/../Podfile.lock\" \"${PODS_ROOT}/Manifest.lock\" > /dev/null\nif [[ $? != 0 ]] ; then\n    cat << EOM\nerror: The sandbox is not in sync with the Podfile.lock. Run 'pod install' or update your CocoaPods installation.\nEOM\n    exit 1\nfi\n";
			showEnvVarsInLog = 0;
		};
		823B16229133748BE02DD9C7 /* Embed Pods Frameworks */ = {
			isa = PBXShellScriptBuildPhase;
			buildActionMask = 2147483647;
			files = (
			);
			inputPaths = (
			);
			name = "Embed Pods Frameworks";
			outputPaths = (
			);
			runOnlyForDeploymentPostprocessing = 0;
			shellPath = /bin/sh;
			shellScript = "\"${SRCROOT}/Pods/Target Support Files/Pods-CatchHtml/Pods-CatchHtml-frameworks.sh\"\n";
			showEnvVarsInLog = 0;
		};
		BFB859F5967726144A29122A /* Copy Pods Resources */ = {
			isa = PBXShellScriptBuildPhase;
			buildActionMask = 2147483647;
			files = (
			);
			inputPaths = (
			);
			name = "Copy Pods Resources";
			outputPaths = (
			);
			runOnlyForDeploymentPostprocessing = 0;
			shellPath = /bin/sh;
			shellScript = "\"${SRCROOT}/Pods/Target Support Files/Pods-CatchHtml/Pods-CatchHtml-resources.sh\"\n";
			showEnvVarsInLog = 0;
		};
/* End PBXShellScriptBuildPhase section */

/* Begin PBXSourcesBuildPhase section */
		57977C101E816101009FFE53 /* Sources */ = {
			isa = PBXSourcesBuildPhase;
			buildActionMask = 2147483647;
			files = (
				574C2BF61E9E6E5200960399 /* DbManager.m in Sources */,
				57977C1F1E816101009FFE53 /* ViewController.m in Sources */,
				57977C1C1E816101009FFE53 /* AppDelegate.m in Sources */,
				57977C191E816101009FFE53 /* main.m in Sources */,
				57977C521E83EA6E009FFE53 /* TFHpple.m in Sources */,
				57977C541E83EA6E009FFE53 /* XPathQuery.m in Sources */,
				57977C531E83EA6E009FFE53 /* TFHppleElement.m in Sources */,
			);
			runOnlyForDeploymentPostprocessing = 0;
		};
		57977C291E816102009FFE53 /* Sources */ = {
			isa = PBXSourcesBuildPhase;
			buildActionMask = 2147483647;
			files = (
				57977C321E816102009FFE53 /* CatchHtmlTests.m in Sources */,
			);
			runOnlyForDeploymentPostprocessing = 0;
		};
		57977C341E816102009FFE53 /* Sources */ = {
			isa = PBXSourcesBuildPhase;
			buildActionMask = 2147483647;
			files = (
				57977C3D1E816102009FFE53 /* CatchHtmlUITests.m in Sources */,
			);
			runOnlyForDeploymentPostprocessing = 0;
		};
/* End PBXSourcesBuildPhase section */

/* Begin PBXTargetDependency section */
		57977C2F1E816102009FFE53 /* PBXTargetDependency */ = {
			isa = PBXTargetDependency;
			target = 57977C131E816101009FFE53 /* CatchHtml */;
			targetProxy = 57977C2E1E816102009FFE53 /* PBXContainerItemProxy */;
		};
		57977C3A1E816102009FFE53 /* PBXTargetDependency */ = {
			isa = PBXTargetDependency;
			target = 57977C131E816101009FFE53 /* CatchHtml */;
			targetProxy = 57977C391E816102009FFE53 /* PBXContainerItemProxy */;
		};
/* End PBXTargetDependency section */

/* Begin PBXVariantGroup section */
		57977C201E816101009FFE53 /* Main.storyboard */ = {
			isa = PBXVariantGroup;
			children = (
				57977C211E816101009FFE53 /* Base */,
			);
			name = Main.storyboard;
			sourceTree = "<group>";
		};
		57977C251E816101009FFE53 /* LaunchScreen.storyboard */ = {
			isa = PBXVariantGroup;
			children = (
				57977C261E816101009FFE53 /* Base */,
			);
			name = LaunchScreen.storyboard;
			sourceTree = "<group>";
		};
/* End PBXVariantGroup section */

/* Begin XCBuildConfiguration section */
		57977C3F1E816102009FFE53 /* Debug */ = {
			isa = XCBuildConfiguration;
			buildSettings = {
				ALWAYS_SEARCH_USER_PATHS = NO;
				CLANG_ANALYZER_NONNULL = YES;
				CLANG_CXX_LANGUAGE_STANDARD = "gnu++0x";
				CLANG_CXX_LIBRARY = "libc++";
				CLANG_ENABLE_MODULES = YES;
				CLANG_ENABLE_OBJC_ARC = YES;
				CLANG_WARN_BOOL_CONVERSION = YES;
				CLANG_WARN_CONSTANT_CONVERSION = YES;
				CLANG_WARN_DIRECT_OBJC_ISA_USAGE = YES_ERROR;
				CLANG_WARN_DOCUMENTATION_COMMENTS = YES;
				CLANG_WARN_EMPTY_BODY = YES;
				CLANG_WARN_ENUM_CONVERSION = YES;
				CLANG_WARN_INFINITE_RECURSION = YES;
				CLANG_WARN_INT_CONVERSION = YES;
				CLANG_WARN_OBJC_ROOT_CLASS = YES_ERROR;
				CLANG_WARN_SUSPICIOUS_MOVE = YES;
				CLANG_WARN_UNREACHABLE_CODE = YES;
				CLANG_WARN__DUPLICATE_METHOD_MATCH = YES;
				"CODE_SIGN_IDENTITY[sdk=iphoneos*]" = "iPhone Developer";
				COPY_PHASE_STRIP = NO;
				DEBUG_INFORMATION_FORMAT = dwarf;
				ENABLE_STRICT_OBJC_MSGSEND = YES;
				ENABLE_TESTABILITY = YES;
				GCC_C_LANGUAGE_STANDARD = gnu99;
				GCC_DYNAMIC_NO_PIC = NO;
				GCC_NO_COMMON_BLOCKS = YES;
				GCC_OPTIMIZATION_LEVEL = 0;
				GCC_PREPROCESSOR_DEFINITIONS = (
					"DEBUG=1",
					"$(inherited)",
				);
				GCC_WARN_64_TO_32_BIT_CONVERSION = YES;
				GCC_WARN_ABOUT_RETURN_TYPE = YES_ERROR;
				GCC_WARN_UNDECLARED_SELECTOR = YES;
				GCC_WARN_UNINITIALIZED_AUTOS = YES_AGGRESSIVE;
				GCC_WARN_UNUSED_FUNCTION = YES;
				GCC_WARN_UNUSED_VARIABLE = YES;
				HEADER_SEARCH_PATHS = /usr/include/libxml2;
				IPHONEOS_DEPLOYMENT_TARGET = 10.2;
				MTL_ENABLE_DEBUG_INFO = YES;
				ONLY_ACTIVE_ARCH = YES;
				SDKROOT = iphoneos;
			};
			name = Debug;
		};
		57977C401E816102009FFE53 /* Release */ = {
			isa = XCBuildConfiguration;
			buildSettings = {
				ALWAYS_SEARCH_USER_PATHS = NO;
				CLANG_ANALYZER_NONNULL = YES;
				CLANG_CXX_LANGUAGE_STANDARD = "gnu++0x";
				CLANG_CXX_LIBRARY = "libc++";
				CLANG_ENABLE_MODULES = YES;
				CLANG_ENABLE_OBJC_ARC = YES;
				CLANG_WARN_BOOL_CONVERSION = YES;
				CLANG_WARN_CONSTANT_CONVERSION = YES;
				CLANG_WARN_DIRECT_OBJC_ISA_USAGE = YES_ERROR;
				CLANG_WARN_DOCUMENTATION_COMMENTS = YES;
				CLANG_WARN_EMPTY_BODY = YES;
				CLANG_WARN_ENUM_CONVERSION = YES;
				CLANG_WARN_INFINITE_RECURSION = YES;
				CLANG_WARN_INT_CONVERSION = YES;
				CLANG_WARN_OBJC_ROOT_CLASS = YES_ERROR;
				CLANG_WARN_SUSPICIOUS_MOVE = YES;
				CLANG_WARN_UNREACHABLE_CODE = YES;
				CLANG_WARN__DUPLICATE_METHOD_MATCH = YES;
				"CODE_SIGN_IDENTITY[sdk=iphoneos*]" = "iPhone Developer";
				COPY_PHASE_STRIP = NO;
				DEBUG_INFORMATION_FORMAT = "dwarf-with-dsym";
				ENABLE_NS_ASSERTIONS = NO;
				ENABLE_STRICT_OBJC_MSGSEND = YES;
				GCC_C_LANGUAGE_STANDARD = gnu99;
				GCC_NO_COMMON_BLOCKS = YES;
				GCC_WARN_64_TO_32_BIT_CONVERSION = YES;
				GCC_WARN_ABOUT_RETURN_TYPE = YES_ERROR;
				GCC_WARN_UNDECLARED_SELECTOR = YES;
				GCC_WARN_UNINITIALIZED_AUTOS = YES_AGGRESSIVE;
				GCC_WARN_UNUSED_FUNCTION = YES;
				GCC_WARN_UNUSED_VARIABLE = YES;
				HEADER_SEARCH_PATHS = /usr/include/libxml2;
				IPHONEOS_DEPLOYMENT_TARGET = 10.2;
				MTL_ENABLE_DEBUG_INFO = NO;
				SDKROOT = iphoneos;
				VALIDATE_PRODUCT = YES;
			};
			name = Release;
		};
		57977C421E816102009FFE53 /* Debug */ = {
			isa = XCBuildConfiguration;
			baseConfigurationReference = 02700E9DC2A1E1D11D7AE2A8 /* Pods-CatchHtml.debug.xcconfig */;
			buildSettings = {
				ASSETCATALOG_COMPILER_APPICON_NAME = AppIcon;
				INFOPLIST_FILE = CatchHtml/Info.plist;
				LD_RUNPATH_SEARCH_PATHS = "$(inherited) @executable_path/Frameworks";
				PRODUCT_BUNDLE_IDENTIFIER = com.commet.CatchHtml;
				PRODUCT_NAME = "$(TARGET_NAME)";
			};
			name = Debug;
		};
		57977C431E816102009FFE53 /* Release */ = {
			isa = XCBuildConfiguration;
			baseConfigurationReference = D510C6F0B1AF30A46FEC81AE /* Pods-CatchHtml.release.xcconfig */;
			buildSettings = {
				ASSETCATALOG_COMPILER_APPICON_NAME = AppIcon;
				INFOPLIST_FILE = CatchHtml/Info.plist;
				LD_RUNPATH_SEARCH_PATHS = "$(inherited) @executable_path/Frameworks";
				PRODUCT_BUNDLE_IDENTIFIER = com.commet.CatchHtml;
				PRODUCT_NAME = "$(TARGET_NAME)";
			};
			name = Release;
		};
		57977C451E816102009FFE53 /* Debug */ = {
			isa = XCBuildConfiguration;
			buildSettings = {
				BUNDLE_LOADER = "$(TEST_HOST)";
				INFOPLIST_FILE = CatchHtmlTests/Info.plist;
				LD_RUNPATH_SEARCH_PATHS = "$(inherited) @executable_path/Frameworks @loader_path/Frameworks";
				PRODUCT_BUNDLE_IDENTIFIER = com.commet.CatchHtmlTests;
				PRODUCT_NAME = "$(TARGET_NAME)";
				TEST_HOST = "$(BUILT_PRODUCTS_DIR)/CatchHtml.app/CatchHtml";
			};
			name = Debug;
		};
		57977C461E816102009FFE53 /* Release */ = {
			isa = XCBuildConfiguration;
			buildSettings = {
				BUNDLE_LOADER = "$(TEST_HOST)";
				INFOPLIST_FILE = CatchHtmlTests/Info.plist;
				LD_RUNPATH_SEARCH_PATHS = "$(inherited) @executable_path/Frameworks @loader_path/Frameworks";
				PRODUCT_BUNDLE_IDENTIFIER = com.commet.CatchHtmlTests;
				PRODUCT_NAME = "$(TARGET_NAME)";
				TEST_HOST = "$(BUILT_PRODUCTS_DIR)/CatchHtml.app/CatchHtml";
			};
			name = Release;
		};
		57977C481E816102009FFE53 /* Debug */ = {
			isa = XCBuildConfiguration;
			buildSettings = {
				INFOPLIST_FILE = CatchHtmlUITests/Info.plist;
				LD_RUNPATH_SEARCH_PATHS = "$(inherited) @executable_path/Frameworks @loader_path/Frameworks";
				PRODUCT_BUNDLE_IDENTIFIER = com.commet.CatchHtmlUITests;
				PRODUCT_NAME = "$(TARGET_NAME)";
				TEST_TARGET_NAME = CatchHtml;
			};
			name = Debug;
		};
		57977C491E816102009FFE53 /* Release */ = {
			isa = XCBuildConfiguration;
			buildSettings = {
				INFOPLIST_FILE = CatchHtmlUITests/Info.plist;
				LD_RUNPATH_SEARCH_PATHS = "$(inherited) @executable_path/Frameworks @loader_path/Frameworks";
				PRODUCT_BUNDLE_IDENTIFIER = com.commet.CatchHtmlUITests;
				PRODUCT_NAME = "$(TARGET_NAME)";
				TEST_TARGET_NAME = CatchHtml;
			};
			name = Release;
		};
/* End XCBuildConfiguration section */

/* Begin XCConfigurationList section */
		57977C0F1E816101009FFE53 /* Build configuration list for PBXProject "CatchHtml" */ = {
			isa = XCConfigurationList;
			buildConfigurations = (
				57977C3F1E816102009FFE53 /* Debug */,
				57977C401E816102009FFE53 /* Release */,
			);
			defaultConfigurationIsVisible = 0;
			defaultConfigurationName = Release;
		};
		57977C411E816102009FFE53 /* Build configuration list for PBXNativeTarget "CatchHtml" */ = {
			isa = XCConfigurationList;
			buildConfigurations = (
				57977C421E816102009FFE53 /* Debug */,
				57977C431E816102009FFE53 /* Release */,
			);
			defaultConfigurationIsVisible = 0;
			defaultConfigurationName = Release;
		};
		57977C441E816102009FFE53 /* Build configuration list for PBXNativeTarget "CatchHtmlTests" */ = {
			isa = XCConfigurationList;
			buildConfigurations = (
				57977C451E816102009FFE53 /* Debug */,
				57977C461E816102009FFE53 /* Release */,
			);
			defaultConfigurationIsVisible = 0;
			defaultConfigurationName = Release;
		};
		57977C471E816102009FFE53 /* Build configuration list for PBXNativeTarget "CatchHtmlUITests" */ = {
			isa = XCConfigurationList;
			buildConfigurations = (
				57977C481E816102009FFE53 /* Debug */,
				57977C491E816102009FFE53 /* Release */,
			);
			defaultConfigurationIsVisible = 0;
			defaultConfigurationName = Release;
		};
/* End XCConfigurationList section */
	};
	rootObject = 57977C0C1E816101009FFE53 /* Project object */;
}
